github.com/aws/aws-sdk-go v1.50.20 h1:xfAnSDVf/azIWTVQXQODp89bubvCS85r70O3nuQ4dnE=
github.com/aws/aws-sdk-go v1.50.20/go.mod h1:LF8svs817+Nz+DmiMQKTO3ubZ/6IaTpq3TjupRn3Eqk=
github.com/aws/aws-sdk-go-v2 v1.25.0 h1:sv7+1JVJxOu/dD/sz/csHX7jFqmP001TIY7aytBWDSQ=
github.com/aws/aws-sdk-go-v2 v1.25.0/go.mod h1:G104G1Aho5WqF+SR3mDIobTABQzpYV0WxMsKxlMggOA=
github.com/aws/aws-sdk-go-v2/config v1.27.0 h1:J5sdGCAHuWKIXLeXiqr8II/adSvetkx0qdZwdbXXpb0=
github.com/aws/aws-sdk-go-v2/config v1.27.0/go.mod h1:cfh8v69nuSUohNFMbIISP2fhmblGmYEOKs5V53HiHnk=
github.com/aws/aws-sdk-go-v2/credentials v1.17.0 h1:lMW2x6sKBsiAJrpi1doOXqWFyEPoE886DTb1X0wb7So=
github.com/aws/aws-sdk-go-v2/credentials v1.17.0/go.mod h1:uT41FIH8cCIxOdUYIL0PYyHlL1NoneDuDSCwg5VE/5o=
github.com/aws/aws-sdk-go-v2/feature/dynamodb/attributevalue v1.13.2 h1:ksCAKvVacJbsCJAUWaCk4ZS254NByOKlB8V4dGVWC9c=
github.com/aws/aws-sdk-go-v2/feature/dynamodb/attributevalue v1.13.2/go.mod h1:vtaNpWHO0v6kWfS27bLuU9dklVj1YmdY/uSc4FqhBE0=
github.com/aws/aws-sdk-go-v2/feature/dynamodb/expression v1.7.2 h1:/olCL40qQFJjXsSolAg8bLQxaO9i0LKNO9KzyOy7ZTQ=
github.com/aws/aws-sdk-go-v2/feature/dynamodb/expression v1.7.2/go.mod h1:1ySTEn7NpfrK80gTKribiK/M0My924PH9lD954UmQH8=
github.com/aws/aws-sdk-go-v2/feature/ec2/imds v1.15.0 h1:xWCwjjvVz2ojYTP4kBKUuUh9ZrXfcAXpflhOUUeXg1k=
github.com/aws/aws-sdk-go-v2/feature/ec2/imds v1.15.0/go.mod h1:j3fACuqXg4oMTQOR2yY7m0NmJY0yBK4L4sLsRXq1Ins=
github.com/aws/aws-sdk-go-v2/internal/configsources v1.3.0 h1:NPs/EqVO+ajwOoq56EfcGKa3L3ruWuazkIw1BqxwOPw=
github.com/aws/aws-sdk-go-v2/internal/configsources v1.3.0/go.mod h1:D+duLy2ylgatV+yTlQ8JTuLfDD0BnFvnQRc+o6tbZ4M=
github.com/aws/aws-sdk-go-v2/internal/endpoints/v2 v2.6.0 h1:ks7KGMVUMoDzcxNWUlEdI+/lokMFD136EL6DWmUOV80=
github.com/aws/aws-sdk-go-v2/internal/endpoints/v2 v2.6.0/go.mod h1:hL6BWM/d/qz113fVitZjbXR0E+RCTU1+x+1Idyn5NgE=
github.com/aws/aws-sdk-go-v2/internal/ini v1.8.0 h1:hT8rVHwugYE2lEfdFE0QWVo81lF7jMrYJVDWI+f+VxU=
github.com/aws/aws-sdk-go-v2/internal/ini v1.8.0/go.mod h1:8tu/lYfQfFe6IGnaOdrpVgEL2IrrDOf6/m9RQum4NkY=
github.com/aws/aws-sdk-go-v2/service/dynamodb v1.29.0 h1:zZP5rgaQYyDw0nNZRsbYqwC4NS/KsmVKGSwm0EzYAzU=
github.com/aws/aws-sdk-go-v2/service/dynamodb v1.29.0/go.mod h1:DxfpJjhSt8Aab1PszcEo63xxUo6mzyUX5shTcxo8LSc=
github.com/aws/aws-sdk-go-v2/service/dynamodbstreams v1.19.1 h1:Wd1F42HO5ZJ+auc42VjnSvdUtB3apQdoM/SoRmaq7UA=
github.com/aws/aws-sdk-go-v2/service/dynamodbstreams v1.19.1/go.mod h1:0FgUg08+1knEoYHo0pa8ogm7D9sjH79lHnRzCNGk/6Q=
github.com/aws/aws-sdk-go-v2/service/internal/accept-encoding v1.11.0 h1:a33HuFlO0KsveiP90IUJh8Xr/cx9US2PqkSroaLc+o8=
github.com/aws/aws-sdk-go-v2/service/internal/accept-encoding v1.11.0/go.mod h1:SxIkWpByiGbhbHYTo9CMTUnx2G4p4ZQMrDPcRRy//1c=
github.com/aws/aws-sdk-go-v2/service/internal/endpoint-discovery v1.9.0 h1:iUs6gEpVk7JbPfgYvOvfbMiv4lfF7fRtey4GCm57qAY=
github.com/aws/aws-sdk-go-v2/service/internal/endpoint-discovery v1.9.0/go.mod h1:NEV6CinaaXxW+97YglxVlKn9+83VR0L5O/BIrwqsFvU=
github.com/aws/aws-sdk-go-v2/service/internal/presigned-url v1.11.0 h1:SHN/umDLTmFTmYfI+gkanz6da3vK8Kvj/5wkqnTHbuA=
github.com/aws/aws-sdk-go-v2/service/internal/presigned-url v1.11.0/go.mod h1:l8gPU5RYGOFHJqWEpPMoRTP0VoaWQSkJdKo+hwWnnDA=
github.com/aws/aws-sdk-go-v2/service/sso v1.19.0 h1:u6OkVDxtBPnxPkZ9/63ynEe+8kHbtS5IfaC4PzVxzWM=
github.com/aws/aws-sdk-go-v2/service/sso v1.19.0/go.mod h1:YqbU3RS/pkDVu+v+Nwxvn0i1WB0HkNWEePWbmODEbbs=
github.com/aws/aws-sdk-go-v2/service/ssooidc v1.22.0 h1:6DL0qu5+315wbsAEEmzK+P9leRwNbkp+lGjPC+CEvb8=
github.com/aws/aws-sdk-go-v2/service/ssooidc v1.22.0/go.mod h1:olUAyg+FaoFaL/zFaeQQONjOZ9HXoxgvI/c7mQTYz7M=
github.com/aws/aws-sdk-go-v2/service/sts v1.27.0 h1:cjTRjh700H36MQ8M0LnDn33W3JmwC77mdxIIyPWCdpM=
github.com/aws/aws-sdk-go-v2/service/sts v1.27.0/go.mod h1:nXfOBMWPokIbOY+Gi7a1psWMSvskUCemZzI+SMB7Akc=
github.com/aws/smithy-go v1.20.0 h1:6+kZsCXZwKxZS9RfISnPc4EXlHoyAkm2hPuM8X2BrrQ=
github.com/aws/smithy-go v1.20.0/go.mod h1:uo5RKksAl4PzhqaAbjd4rLgFoq5koTsQKYuGe7dklGc=
github.com/davecgh/go-spew v1.1.0/go.mod h1:J7Y8YcW2NihsgmVo/mv3lAwl/skON4iLHjSsI+c5H38=
github.com/disgoorg/disgo v0.17.2 h1:RxiLq8guMtk+9tArFwve02iya2APQ9yZVtV30ySKNtw=
github.com/disgoorg/disgo v0.17.2/go.mod h1:8r3h9fXSz7BbACxLPsPbtB6LX8gaQFUETgPKV/0gAKQ=
github.com/disgoorg/disgolink/v3 v3.0.0 h1:rresswQhYRu/L9Ly0pm/ALM8ApTcN/ejspABq2XM0k8=
github.com/disgoorg/disgolink/v3 v3.0.0/go.mod h1:YIwjIteZcjfI7HYZWH241iRI7RjTLoN51HLDOUHVSFI=
github.com/disgoorg/json v1.1.0 h1:7xigHvomlVA9PQw9bMGO02PHGJJPqvX5AnwlYg/Tnys=
github.com/disgoorg/json v1.1.0/go.mod h1:BHDwdde0rpQFDVsRLKhma6Y7fTbQKub/zdGO5O9NqqA=
github.com/disgoorg/snowflake/v2 v2.0.1 h1:CuUxGLwggUxEswZOmZ+mZ5i0xSumQdXW9tXW7uGqe+0=
github.com/disgoorg/snowflake/v2 v2.0.1/go.mod h1:SPU9c2CNn5DSyb86QcKtdZgix9osEtKrHLW4rMhfLCs=
github.com/gorilla/websocket v1.5.1 h1:gmztn0JnHVt9JZquRuzLw3g4wouNVzKL15iLr/zn/QY=
github.com/gorilla/websocket v1.5.1/go.mod h1:x3kM2JMyaluk02fnUJpQuwD2dCS5NDG2ZHL0uE0tcaY=
github.com/jmespath/go-jmespath v0.4.0 h1:BEgLn5cpjn8UN1mAw4NjwDrS35OdebyEtFe+9YPoQUg=
github.com/jmespath/go-jmespath v0.4.0/go.mod h1:T8mJZnbsbmF+m6zOOFylbeCJqk5+pHWvzYPziyZiYoo=
github.com/jmespath/go-jmespath/internal/testify v1.5.1/go.mod h1:L3OGu8Wl2/fWfCI6z80xFu9LTZmf1ZRjMHUOPmWr69U=
github.com/pmezard/go-difflib v1.0.0/go.mod h1:iKH77koFhYxTK1pcRnkKkqfTogsbg7gZNVY4sRDYZ/4=
github.com/sasha-s/go-csync v0.0.0-20240107134140-fcbab37b09ad h1:qIQkSlF5vAUHxEmTbaqt1hkJ/t6skqEGYiMag343ucI=
github.com/sasha-s/go-csync v0.0.0-20240107134140-fcbab37b09ad/go.mod h1:/pA7k3zsXKdjjAiUhB5CjuKib9KJGCaLvZwtxGC8U0s=
github.com/stretchr/objx v0.1.0/go.mod h1:HFkY916IF+rwdDfMAkV7OtwuqBVzrE8GR6GFx+wExME=
golang.org/x/crypto v0.18.0 h1:PGVlW0xEltQnzFZ55hkuX5+KLyrMYhHld1YHO4AKcdc=
golang.org/x/crypto v0.18.0/go.mod h1:R0j02AL6hcrfOiy9T4ZYp/rcWeMxM3L6QYxlOuEG1mg=
golang.org/x/net v0.20.0 h1:aCL9BSgETF1k+blQaYUBx9hJ9LOGP3gAVemcZlf1Kpo=
golang.org/x/net v0.20.0/go.mod h1:z8BVo6PvndSri0LbOE3hAn0apkU+1YvI6E70E9jsnvY=
golang.org/x/sys v0.16.0 h1:xWw16ngr6ZMtmxDyKyIgsE93KNKz5HKmMa3b8ALHidU=
golang.org/x/sys v0.16.0/go.mod h1:/VUhepiaJMQUp4+oa/7Zr1D23ma6VTLIYjOOTFZPUcA=
gopkg.in/check.v1 v0.0.0-20161208181325-20d25e280405/go.mod h1:Co6ibVJAznAaIkqp8huTwlJQCZ016jof/cbN4VW5Yz0=
gopkg.in/yaml.v2 v2.2.8/go.mod h1:hI93XBmqTisBFMUTm0b8Fm+jr3Dg1NNxqwp+5A1VGuI=
